// !$*UTF8*$!
{
	archiveVersion = 1;
	classes = {
	};
	objectVersion = 46;
	objects = {

/* Begin PBXBuildFile section */
		3927ACF51AE0263B004A4B0C /* main.m in Sources */ = {isa = PBXBuildFile; fileRef = 3927ACF41AE0263B004A4B0C /* main.m */; };
		3927ACF81AE0263B004A4B0C /* AppDelegate.m in Sources */ = {isa = PBXBuildFile; fileRef = 3927ACF71AE0263B004A4B0C /* AppDelegate.m */; };
		3927ACFE1AE0263B004A4B0C /* Main.storyboard in Resources */ = {isa = PBXBuildFile; fileRef = 3927ACFC1AE0263B004A4B0C /* Main.storyboard */; };
		3927AD001AE0263B004A4B0C /* Images.xcassets in Resources */ = {isa = PBXBuildFile; fileRef = 3927ACFF1AE0263B004A4B0C /* Images.xcassets */; };
		3927AD031AE0263B004A4B0C /* LaunchScreen.xib in Resources */ = {isa = PBXBuildFile; fileRef = 3927AD011AE0263B004A4B0C /* LaunchScreen.xib */; };
		3927AD0F1AE0263B004A4B0C /* CustomTableReduxTests.m in Sources */ = {isa = PBXBuildFile; fileRef = 3927AD0E1AE0263B004A4B0C /* CustomTableReduxTests.m */; };
		3927AD1A1AE027EB004A4B0C /* CustomTableViewController.m in Sources */ = {isa = PBXBuildFile; fileRef = 3927AD191AE027EB004A4B0C /* CustomTableViewController.m */; };
/* End PBXBuildFile section */

/* Begin PBXContainerItemProxy section */
		3927AD091AE0263B004A4B0C /* PBXContainerItemProxy */ = {
			isa = PBXContainerItemProxy;
			containerPortal = 3927ACE71AE0263B004A4B0C /* Project object */;
			proxyType = 1;
			remoteGlobalIDString = 3927ACEE1AE0263B004A4B0C;
			remoteInfo = CustomTableRedux;
		};
/* End PBXContainerItemProxy section */

/* Begin PBXFileReference section */
		3927ACEF1AE0263B004A4B0C /* CustomTableRedux.app */ = {isa = PBXFileReference; explicitFileType = wrapper.application; includeInIndex = 0; path = CustomTableRedux.app; sourceTree = BUILT_PRODUCTS_DIR; };
		3927ACF31AE0263B004A4B0C /* Info.plist */ = {isa = PBXFileReference; lastKnownFileType = text.plist.xml; path = Info.plist; sourceTree = "<group>"; };
		3927ACF41AE0263B004A4B0C /* main.m */ = {isa = PBXFileReference; lastKnownFileType = sourcecode.c.objc; path = main.m; sourceTree = "<group>"; };
		3927ACF61AE0263B004A4B0C /* AppDelegate.h */ = {isa = PBXFileReference; lastKnownFileType = sourcecode.c.h; path = AppDelegate.h; sourceTree = "<group>"; };
		3927ACF71AE0263B004A4B0C /* AppDelegate.m */ = {isa = PBXFileReference; lastKnownFileType = sourcecode.c.objc; path = AppDelegate.m; sourceTree = "<group>"; };
		3927ACFD1AE0263B004A4B0C /* Base */ = {isa = PBXFileReference; lastKnownFileType = file.storyboard; name = Base; path = Base.lproj/Main.storyboard; sourceTree = "<group>"; };
		3927ACFF1AE0263B004A4B0C /* Images.xcassets */ = {isa = PBXFileReference; lastKnownFileType = folder.assetcatalog; path = Images.xcassets; sourceTree = "<group>"; };
		3927AD021AE0263B004A4B0C /* Base */ = {isa = PBXFileReference; lastKnownFileType = file.xib; name = Base; path = Base.lproj/LaunchScreen.xib; sourceTree = "<group>"; };
		3927AD081AE0263B004A4B0C /* CustomTableReduxTests.xctest */ = {isa = PBXFileReference; explicitFileType = wrapper.cfbundle; includeInIndex = 0; path = CustomTableReduxTests.xctest; sourceTree = BUILT_PRODUCTS_DIR; };
		3927AD0D1AE0263B004A4B0C /* Info.plist */ = {isa = PBXFileReference; lastKnownFileType = text.plist.xml; path = Info.plist; sourceTree = "<group>"; };
		3927AD0E1AE0263B004A4B0C /* CustomTableReduxTests.m */ = {isa = PBXFileReference; lastKnownFileType = sourcecode.c.objc; path = CustomTableReduxTests.m; sourceTree = "<group>"; };
		3927AD181AE027EB004A4B0C /* CustomTableViewController.h */ = {isa = PBXFileReference; fileEncoding = 4; lastKnownFileType = sourcecode.c.h; path = CustomTableViewController.h; sourceTree = "<group>"; };
		3927AD191AE027EB004A4B0C /* CustomTableViewController.m */ = {isa = PBXFileReference; fileEncoding = 4; lastKnownFileType = sourcecode.c.objc; path = CustomTableViewController.m; sourceTree = "<group>"; };
/* End PBXFileReference section */

/* Begin PBXFrameworksBuildPhase section */
		3927ACEC1AE0263B004A4B0C /* Frameworks */ = {
			isa = PBXFrameworksBuildPhase;
			buildActionMask = 2147483647;
			files = (
			);
			runOnlyForDeploymentPostprocessing = 0;
		};
		3927AD051AE0263B004A4B0C /* Frameworks */ = {
			isa = PBXFrameworksBuildPhase;
			buildActionMask = 2147483647;
			files = (
			);
			runOnlyForDeploymentPostprocessing = 0;
		};
/* End PBXFrameworksBuildPhase section */

/* Begin PBXGroup section */
		3927ACE61AE0263B004A4B0C = {
			isa = PBXGroup;
			children = (
				3927AD1B1AE027F4004A4B0C /* Model */,
				3927ACF11AE0263B004A4B0C /* CustomTableRedux */,
				3927AD0B1AE0263B004A4B0C /* CustomTableReduxTests */,
				3927ACF01AE0263B004A4B0C /* Products */,
			);
			sourceTree = "<group>";
		};
		3927ACF01AE0263B004A4B0C /* Products */ = {
			isa = PBXGroup;
			children = (
				3927ACEF1AE0263B004A4B0C /* CustomTableRedux.app */,
				3927AD081AE0263B004A4B0C /* CustomTableReduxTests.xctest */,
			);
			name = Products;
			sourceTree = "<group>";
		};
		3927ACF11AE0263B004A4B0C /* CustomTableRedux */ = {
			isa = PBXGroup;
			children = (
				3927ACF61AE0263B004A4B0C /* AppDelegate.h */,
				3927ACF71AE0263B004A4B0C /* AppDelegate.m */,
				3927ACFC1AE0263B004A4B0C /* Main.storyboard */,
				3927ACFF1AE0263B004A4B0C /* Images.xcassets */,
				3927AD011AE0263B004A4B0C /* LaunchScreen.xib */,
				3927ACF21AE0263B004A4B0C /* Supporting Files */,
				3927AD181AE027EB004A4B0C /* CustomTableViewController.h */,
				3927AD191AE027EB004A4B0C /* CustomTableViewController.m */,
			);
			path = CustomTableRedux;
			sourceTree = "<group>";
		};
		3927ACF21AE0263B004A4B0C /* Supporting Files */ = {
			isa = PBXGroup;
			children = (
				3927ACF31AE0263B004A4B0C /* Info.plist */,
				3927ACF41AE0263B004A4B0C /* main.m */,
			);
			name = "Supporting Files";
			sourceTree = "<group>";
		};
		3927AD0B1AE0263B004A4B0C /* CustomTableReduxTests */ = {
			isa = PBXGroup;
			children = (
				3927AD0E1AE0263B004A4B0C /* CustomTableReduxTests.m */,
				3927AD0C1AE0263B004A4B0C /* Supporting Files */,
			);
			path = CustomTableReduxTests;
			sourceTree = "<group>";
		};
		3927AD0C1AE0263B004A4B0C /* Supporting Files */ = {
			isa = PBXGroup;
			children = (
				3927AD0D1AE0263B004A4B0C /* Info.plist */,
			);
			name = "Supporting Files";
			sourceTree = "<group>";
		};
		3927AD1B1AE027F4004A4B0C /* Model */ = {
			isa = PBXGroup;
			children = (
			);
			name = Model;
			sourceTree = "<group>";
		};
/* End PBXGroup section */

/* Begin PBXNativeTarget section */
		3927ACEE1AE0263B004A4B0C /* CustomTableRedux */ = {
			isa = PBXNativeTarget;
			buildConfigurationList = 3927AD121AE0263B004A4B0C /* Build configuration list for PBXNativeTarget "CustomTableRedux" */;
			buildPhases = (
				3927ACEB1AE0263B004A4B0C /* Sources */,
				3927ACEC1AE0263B004A4B0C /* Frameworks */,
				3927ACED1AE0263B004A4B0C /* Resources */,
			);
			buildRules = (
			);
			dependencies = (
			);
			name = CustomTableRedux;
			productName = CustomTableRedux;
			productReference = 3927ACEF1AE0263B004A4B0C /* CustomTableRedux.app */;
			productType = "com.apple.product-type.application";
		};
		3927AD071AE0263B004A4B0C /* CustomTableReduxTests */ = {
			isa = PBXNativeTarget;
			buildConfigurationList = 3927AD151AE0263B004A4B0C /* Build configuration list for PBXNativeTarget "CustomTableReduxTests" */;
			buildPhases = (
				3927AD041AE0263B004A4B0C /* Sources */,
				3927AD051AE0263B004A4B0C /* Frameworks */,
				3927AD061AE0263B004A4B0C /* Resources */,
			);
			buildRules = (
			);
			dependencies = (
				3927AD0A1AE0263B004A4B0C /* PBXTargetDependency */,
			);
			name = CustomTableReduxTests;
			productName = CustomTableReduxTests;
			productReference = 3927AD081AE0263B004A4B0C /* CustomTableReduxTests.xctest */;
			productType = "com.apple.product-type.bundle.unit-test";
		};
/* End PBXNativeTarget section */

/* Begin PBXProject section */
		3927ACE71AE0263B004A4B0C /* Project object */ = {
			isa = PBXProject;
			attributes = {
				LastUpgradeCheck = 0630;
				ORGANIZATIONNAME = "Eff Dee Productions";
				TargetAttributes = {
					3927ACEE1AE0263B004A4B0C = {
						CreatedOnToolsVersion = 6.3;
					};
					3927AD071AE0263B004A4B0C = {
						CreatedOnToolsVersion = 6.3;
						TestTargetID = 3927ACEE1AE0263B004A4B0C;
					};
				};
			};
			buildConfigurationList = 3927ACEA1AE0263B004A4B0C /* Build configuration list for PBXProject "CustomTableRedux" */;
			compatibilityVersion = "Xcode 3.2";
			developmentRegion = English;
			hasScannedForEncodings = 0;
			knownRegions = (
				en,
				Base,
			);
			mainGroup = 3927ACE61AE0263B004A4B0C;
			productRefGroup = 3927ACF01AE0263B004A4B0C /* Products */;
			projectDirPath = "";
			projectRoot = "";
			targets = (
				3927ACEE1AE0263B004A4B0C /* CustomTableRedux */,
				3927AD071AE0263B004A4B0C /* CustomTableReduxTests */,
			);
		};
/* End PBXProject section */

/* Begin PBXResourcesBuildPhase section */
		3927ACED1AE0263B004A4B0C /* Resources */ = {
			isa = PBXResourcesBuildPhase;
			buildActionMask = 2147483647;
			files = (
				3927ACFE1AE0263B004A4B0C /* Main.storyboard in Resources */,
				3927AD031AE0263B004A4B0C /* LaunchScreen.xib in Resources */,
				3927AD001AE0263B004A4B0C /* Images.xcassets in Resources */,
			);
			runOnlyForDeploymentPostprocessing = 0;
		};
		3927AD061AE0263B004A4B0C /* Resources */ = {
			isa = PBXResourcesBuildPhase;
			buildActionMask = 2147483647;
			files = (
			);
			runOnlyForDeploymentPostprocessing = 0;
		};
/* End PBXResourcesBuildPhase section */

/* Begin PBXSourcesBuildPhase section */
		3927ACEB1AE0263B004A4B0C /* Sources */ = {
			isa = PBXSourcesBuildPhase;
			buildActionMask = 2147483647;
			files = (
				3927ACF81AE0263B004A4B0C /* AppDelegate.m in Sources */,
				3927AD1A1AE027EB004A4B0C /* CustomTableViewController.m in Sources */,
				3927ACF51AE0263B004A4B0C /* main.m in Sources */,
			);
			runOnlyForDeploymentPostprocessing = 0;
		};
		3927AD041AE0263B004A4B0C /* Sources */ = {
			isa = PBXSourcesBuildPhase;
			buildActionMask = 2147483647;
			files = (
				3927AD0F1AE0263B004A4B0C /* CustomTableReduxTests.m in Sources */,
			);
			runOnlyForDeploymentPostprocessing = 0;
		};
/* End PBXSourcesBuildPhase section */

/* Begin PBXTargetDependency section */
		3927AD0A1AE0263B004A4B0C /* PBXTargetDependency */ = {
			isa = PBXTargetDependency;
			target = 3927ACEE1AE0263B004A4B0C /* CustomTableRedux */;
			targetProxy = 3927AD091AE0263B004A4B0C /* PBXContainerItemProxy */;
		};
/* End PBXTargetDependency section */

/* Begin PBXVariantGroup section */
		3927ACFC1AE0263B004A4B0C /* Main.storyboard */ = {
			isa = PBXVariantGroup;
			children = (
				3927ACFD1AE0263B004A4B0C /* Base */,
			);
			name = Main.storyboard;
			sourceTree = "<group>";
		};
		3927AD011AE0263B004A4B0C /* LaunchScreen.xib */ = {
			isa = PBXVariantGroup;
			children = (
				3927AD021AE0263B004A4B0C /* Base */,
			);
			name = LaunchScreen.xib;
			sourceTree = "<group>";
		};
/* End PBXVariantGroup section */

/* Begin XCBuildConfiguration section */
		3927AD101AE0263B004A4B0C /* Debug */ = {
			isa = XCBuildConfiguration;
			buildSettings = {
				ALWAYS_SEARCH_USER_PATHS = NO;
				CLANG_CXX_LANGUAGE_STANDARD = "gnu++0x";
				CLANG_CXX_LIBRARY = "libc++";
				CLANG_ENABLE_MODULES = YES;
				CLANG_ENABLE_OBJC_ARC = YES;
				CLANG_WARN_BOOL_CONVERSION = YES;
				CLANG_WARN_CONSTANT_CONVERSION = YES;
				CLANG_WARN_DIRECT_OBJC_ISA_USAGE = YES_ERROR;
				CLANG_WARN_EMPTY_BODY = YES;
				CLANG_WARN_ENUM_CONVERSION = YES;
				CLANG_WARN_INT_CONVERSION = YES;
				CLANG_WARN_OBJC_ROOT_CLASS = YES_ERROR;
				CLANG_WARN_UNREACHABLE_CODE = YES;
				CLANG_WARN__DUPLICATE_METHOD_MATCH = YES;
				"CODE_SIGN_IDENTITY[sdk=iphoneos*]" = "iPhone Developer";
				COPY_PHASE_STRIP = NO;
				DEBUG_INFORMATION_FORMAT = "dwarf-with-dsym";
				ENABLE_STRICT_OBJC_MSGSEND = YES;
				GCC_C_LANGUAGE_STANDARD = gnu99;
				GCC_DYNAMIC_NO_PIC = NO;
				GCC_NO_COMMON_BLOCKS = YES;
				GCC_OPTIMIZATION_LEVEL = 0;
				GCC_PREPROCESSOR_DEFINITIONS = (
					"DEBUG=1",
					"$(inherited)",
				);
				GCC_SYMBOLS_PRIVATE_EXTERN = NO;
				GCC_WARN_64_TO_32_BIT_CONVERSION = YES;
				GCC_WARN_ABOUT_RETURN_TYPE = YES_ERROR;
				GCC_WARN_UNDECLARED_SELECTOR = YES;
				GCC_WARN_UNINITIALIZED_AUTOS = YES_AGGRESSIVE;
				GCC_WARN_UNUSED_FUNCTION = YES;
				GCC_WARN_UNUSED_VARIABLE = YES;
				IPHONEOS_DEPLOYMENT_TARGET = 8.3;
				MTL_ENABLE_DEBUG_INFO = YES;
				ONLY_ACTIVE_ARCH = YES;
				SDKROOT = iphoneos;
			};
			name = Debug;
		};
		3927AD111AE0263B004A4B0C /* Release */ = {
			isa = XCBuildConfiguration;
			buildSettings = {
				ALWAYS_SEARCH_USER_PATHS = NO;
				CLANG_CXX_LANGUAGE_STANDARD = "gnu++0x";
				CLANG_CXX_LIBRARY = "libc++";
				CLANG_ENABLE_MODULES = YES;
				CLANG_ENABLE_OBJC_ARC = YES;
				CLANG_WARN_BOOL_CONVERSION = YES;
				CLANG_WARN_CONSTANT_CONVERSION = YES;
				CLANG_WARN_DIRECT_OBJC_ISA_USAGE = YES_ERROR;
				CLANG_WARN_EMPTY_BODY = YES;
				CLANG_WARN_ENUM_CONVERSION = YES;
				CLANG_WARN_INT_CONVERSION = YES;
				CLANG_WARN_OBJC_ROOT_CLASS = YES_ERROR;
				CLANG_WARN_UNREACHABLE_CODE = YES;
				CLANG_WARN__DUPLICATE_METHOD_MATCH = YES;
				"CODE_SIGN_IDENTITY[sdk=iphoneos*]" = "iPhone Developer";
				COPY_PHASE_STRIP = NO;
				DEBUG_INFORMATION_FORMAT = "dwarf-with-dsym";
				ENABLE_NS_ASSERTIONS = NO;
				ENABLE_STRICT_OBJC_MSGSEND = YES;
				GCC_C_LANGUAGE_STANDARD = gnu99;
				GCC_NO_COMMON_BLOCKS = YES;
				GCC_WARN_64_TO_32_BIT_CONVERSION = YES;
				GCC_WARN_ABOUT_RETURN_TYPE = YES_ERROR;
				GCC_WARN_UNDECLARED_SELECTOR = YES;
				GCC_WARN_UNINITIALIZED_AUTOS = YES_AGGRESSIVE;
				GCC_WARN_UNUSED_FUNCTION = YES;
				GCC_WARN_UNUSED_VARIABLE = YES;
				IPHONEOS_DEPLOYMENT_TARGET = 8.3;
				MTL_ENABLE_DEBUG_INFO = NO;
				SDKROOT = iphoneos;
				VALIDATE_PRODUCT = YES;
			};
			name = Release;
		};
		3927AD131AE0263B004A4B0C /* Debug */ = {
			isa = XCBuildConfiguration;
			buildSettings = {
				ASSETCATALOG_COMPILER_APPICON_NAME = AppIcon;
				INFOPLIST_FILE = CustomTableRedux/Info.plist;
				LD_RUNPATH_SEARCH_PATHS = "$(inherited) @executable_path/Frameworks";
				PRODUCT_NAME = "$(TARGET_NAME)";
			};
			name = Debug;
		};
		3927AD141AE0263B004A4B0C /* Release */ = {
			isa = XCBuildConfiguration;
			buildSettings = {
				ASSETCATALOG_COMPILER_APPICON_NAME = AppIcon;
				INFOPLIST_FILE = CustomTableRedux/Info.plist;
				LD_RUNPATH_SEARCH_PATHS = "$(inherited) @executable_path/Frameworks";
				PRODUCT_NAME = "$(TARGET_NAME)";
			};
			name = Release;
		};
		3927AD161AE0263B004A4B0C /* Debug */ = {
			isa = XCBuildConfiguration;
			buildSettings = {
				BUNDLE_LOADER = "$(TEST_HOST)";
				FRAMEWORK_SEARCH_PATHS = (
					"$(SDKROOT)/Developer/Library/Frameworks",
					"$(inherited)",
				);
				GCC_PREPROCESSOR_DEFINITIONS = (
					"DEBUG=1",
					"$(inherited)",
				);
				INFOPLIST_FILE = CustomTableReduxTests/Info.plist;
				LD_RUNPATH_SEARCH_PATHS = "$(inherited) @executable_path/Frameworks @loader_path/Frameworks";
				PRODUCT_NAME = "$(TARGET_NAME)";
				TEST_HOST = "$(BUILT_PRODUCTS_DIR)/CustomTableRedux.app/CustomTableRedux";
			};
			name = Debug;
		};
		3927AD171AE0263B004A4B0C /* Release */ = {
			isa = XCBuildConfiguration;
			buildSettings = {
				BUNDLE_LOADER = "$(TEST_HOST)";
				FRAMEWORK_SEARCH_PATHS = (
					"$(SDKROOT)/Developer/Library/Frameworks",
					"$(inherited)",
				);
				INFOPLIST_FILE = CustomTableReduxTests/Info.plist;
				LD_RUNPATH_SEARCH_PATHS = "$(inherited) @executable_path/Frameworks @loader_path/Frameworks";
				PRODUCT_NAME = "$(TARGET_NAME)";
				TEST_HOST = "$(BUILT_PRODUCTS_DIR)/CustomTableRedux.app/CustomTableRedux";
			};
			name = Release;
		};
/* End XCBuildConfiguration section */

/* Begin XCConfigurationList section */
		3927ACEA1AE0263B004A4B0C /* Build configuration list for PBXProject "CustomTableRedux" */ = {
			isa = XCConfigurationList;
			buildConfigurations = (
				3927AD101AE0263B004A4B0C /* Debug */,
				3927AD111AE0263B004A4B0C /* Release */,
			);
			defaultConfigurationIsVisible = 0;
			defaultConfigurationName = Release;
		};
		3927AD121AE0263B004A4B0C /* Build configuration list for PBXNativeTarget "CustomTableRedux" */ = {
			isa = XCConfigurationList;
			buildConfigurations = (
				3927AD131AE0263B004A4B0C /* Debug */,
				3927AD141AE0263B004A4B0C /* Release */,
			);
			defaultConfigurationIsVisible = 0;
		};
		3927AD151AE0263B004A4B0C /* Build configuration list for PBXNativeTarget "CustomTableReduxTests" */ = {
			isa = XCConfigurationList;
			buildConfigurations = (
				3927AD161AE0263B004A4B0C /* Debug */,
				3927AD171AE0263B004A4B0C /* Release */,
			);
			defaultConfigurationIsVisible = 0;
		};
/* End XCConfigurationList section */
	};
	rootObject = 3927ACE71AE0263B004A4B0C /* Project object */;
}
